{
  "requires": true,
  "lockfileVersion": 1,
  "dependencies": {
    "mixin": {
      "version": "0.2.0",
      "resolved": "https://registry.npmjs.org/mixin/-/mixin-0.2.0.tgz",
      "integrity": "sha1-+52z0xF1utsKGZ3UqtZkdhR7fZM="
    },
    "ng-mixin": {
      "version": "1.0.3",
      "resolved": "https://registry.npmjs.org/ng-mixin/-/ng-mixin-1.0.3.tgz",
      "integrity": "sha1-POi+TMseC/3gvOgWyEuscLHy2PQ=",
      "requires": {
        "underscore": "^1.6.0"
      }
    },
    "underscore": {
      "version": "1.12.0",
      "resolved": "https://registry.npmjs.org/underscore/-/underscore-1.12.0.tgz",
      "integrity": "sha512-21rQzss/XPMjolTiIezSu3JAjgagXKROtNrYFEOWK109qY1Uv2tVjPTZ1ci2HgvQDA16gHYSthQIJfB+XId/rQ=="
    }
  }
}
